
Microsoft Visual Studio Solution File, Format Version 12.00
# Visual Studio Version 17
VisualStudioVersion = 17.14.36429.23 d17.14
MinimumVisualStudioVersion = 10.0.40219.1
Project("{FAE04EC0-301F-11D3-BF4B-00C04F79EFBC}") = "24DH1110883_MyStore", "24DH1110883_MyStore.csproj", "{495630AB-8CAA-4EC7-8404-13711C0CA4A9}"
EndProject
Global
	GlobalSection(SolutionConfigurationPlatforms) = preSolution
		Debug|Any CPU = Debug|Any CPU
		Release|Any CPU = Release|Any CPU
	EndGlobalSection
	GlobalSection(ProjectConfigurationPlatforms) = postSolution
		{495630AB-8CAA-4EC7-8404-13711C0CA4A9}.Debug|Any CPU.ActiveCfg = Debug|Any CPU
		{495630AB-8CAA-4EC7-8404-13711C0CA4A9}.Debug|Any CPU.Build.0 = Debug|Any CPU
		{495630AB-8CAA-4EC7-8404-13711C0CA4A9}.Release|Any CPU.ActiveCfg = Release|Any CPU
		{495630AB-8CAA-4EC7-8404-13711C0CA4A9}.Release|Any CPU.Build.0 = Release|Any CPU
	EndGlobalSection
	GlobalSection(SolutionProperties) = preSolution
		HideSolutionNode = FALSE
	EndGlobalSection
	GlobalSection(ExtensibilityGlobals) = postSolution
		SolutionGuid = {EA604045-8734-4799-8606-C4BB6951C850}
	EndGlobalSection
EndGlobal
