
Microsoft Visual Studio Solution File, Format Version 12.00
# Visual Studio Version 17
VisualStudioVersion = 17.14.36429.23 d17.14
MinimumVisualStudioVersion = 10.0.40219.1
Project("{FAE04EC0-301F-11D3-BF4B-00C04F79EFBC}") = "WebApplication1", "WebApplication1.csproj", "{B3F424F6-5B15-4FDA-9988-056752EE9DD0}"
EndProject
Global
	GlobalSection(SolutionConfigurationPlatforms) = preSolution
		Debug|Any CPU = Debug|Any CPU
		Release|Any CPU = Release|Any CPU
	EndGlobalSection
	GlobalSection(ProjectConfigurationPlatforms) = postSolution
		{B3F424F6-5B15-4FDA-9988-056752EE9DD0}.Debug|Any CPU.ActiveCfg = Debug|Any CPU
		{B3F424F6-5B15-4FDA-9988-056752EE9DD0}.Debug|Any CPU.Build.0 = Debug|Any CPU
		{B3F424F6-5B15-4FDA-9988-056752EE9DD0}.Release|Any CPU.ActiveCfg = Release|Any CPU
		{B3F424F6-5B15-4FDA-9988-056752EE9DD0}.Release|Any CPU.Build.0 = Release|Any CPU
	EndGlobalSection
	GlobalSection(SolutionProperties) = preSolution
		HideSolutionNode = FALSE
	EndGlobalSection
	GlobalSection(ExtensibilityGlobals) = postSolution
		SolutionGuid = {F2CA997A-6B86-4F22-957C-33C60F0AF108}
	EndGlobalSection
EndGlobal
